
Microsoft Visual Studio Solution File, Format Version 11.00
# Visual Studio 2010
Project("{8BC9CEB8-8B4A-11D0-8D11-00A0C91BC942}") = "Hog_implementation", "Hog_implementation\Hog_implementation.vcxproj", "{D8C5BFC6-9E23-4F5D-AC64-6CC3A07416B1}"
EndProject
Global
	GlobalSection(SolutionConfigurationPlatforms) = preSolution
		Debug|Win32 = Debug|Win32
		Release|Win32 = Release|Win32
	EndGlobalSection
	GlobalSection(ProjectConfigurationPlatforms) = postSolution
		{D8C5BFC6-9E23-4F5D-AC64-6CC3A07416B1}.Debug|Win32.ActiveCfg = Debug|Win32
		{D8C5BFC6-9E23-4F5D-AC64-6CC3A07416B1}.Debug|Win32.Build.0 = Debug|Win32
		{D8C5BFC6-9E23-4F5D-AC64-6CC3A07416B1}.Release|Win32.ActiveCfg = Release|Win32
		{D8C5BFC6-9E23-4F5D-AC64-6CC3A07416B1}.Release|Win32.Build.0 = Release|Win32
	EndGlobalSection
	GlobalSection(SolutionProperties) = preSolution
		HideSolutionNode = FALSE
	EndGlobalSection
EndGlobal
